Microsoft Visual Studio Solution File, Format Version 12.00
# Visual Studio 2012
Project("{FAE04EC0-301F-11D3-BF4B-00C04F79EFBC}") = "solitaire", "solitaire.csproj", "{920ACCCF-F472-4444-B3C1-DFE109D7B5AA}"
EndProject
Global
	GlobalSection(SolutionConfigurationPlatforms) = preSolution
	Debug|Any CPU = Debug|Any CPU
	ExportDebug|Any CPU = ExportDebug|Any CPU
	ExportRelease|Any CPU = ExportRelease|Any CPU
	EndGlobalSection
	GlobalSection(ProjectConfigurationPlatforms) = postSolution
		{920ACCCF-F472-4444-B3C1-DFE109D7B5AA}.Debug|Any CPU.ActiveCfg = Debug|Any CPU
		{920ACCCF-F472-4444-B3C1-DFE109D7B5AA}.Debug|Any CPU.Build.0 = Debug|Any CPU
		{920ACCCF-F472-4444-B3C1-DFE109D7B5AA}.ExportDebug|Any CPU.ActiveCfg = ExportDebug|Any CPU
		{920ACCCF-F472-4444-B3C1-DFE109D7B5AA}.ExportDebug|Any CPU.Build.0 = ExportDebug|Any CPU
		{920ACCCF-F472-4444-B3C1-DFE109D7B5AA}.ExportRelease|Any CPU.ActiveCfg = ExportRelease|Any CPU
		{920ACCCF-F472-4444-B3C1-DFE109D7B5AA}.ExportRelease|Any CPU.Build.0 = ExportRelease|Any CPU
	EndGlobalSection
EndGlobal
